
Microsoft Visual Studio Solution File, Format Version 12.00
# Visual Studio Version 17
VisualStudioVersion = 17.14.36414.22 d17.14
MinimumVisualStudioVersion = 10.0.40219.1
Project("{FAE04EC0-301F-11D3-BF4B-00C04F79EFBC}") = "GenericAssignment", "GenericAssignment\GenericAssignment.csproj", "{884D8AE3-E664-4764-8E20-DD2E1344D6C6}"
EndProject
Global
	GlobalSection(SolutionConfigurationPlatforms) = preSolution
		Debug|Any CPU = Debug|Any CPU
		Release|Any CPU = Release|Any CPU
	EndGlobalSection
	GlobalSection(ProjectConfigurationPlatforms) = postSolution
		{884D8AE3-E664-4764-8E20-DD2E1344D6C6}.Debug|Any CPU.ActiveCfg = Debug|Any CPU
		{884D8AE3-E664-4764-8E20-DD2E1344D6C6}.Debug|Any CPU.Build.0 = Debug|Any CPU
		{884D8AE3-E664-4764-8E20-DD2E1344D6C6}.Release|Any CPU.ActiveCfg = Release|Any CPU
		{884D8AE3-E664-4764-8E20-DD2E1344D6C6}.Release|Any CPU.Build.0 = Release|Any CPU
	EndGlobalSection
	GlobalSection(SolutionProperties) = preSolution
		HideSolutionNode = FALSE
	EndGlobalSection
	GlobalSection(ExtensibilityGlobals) = postSolution
		SolutionGuid = {64A0E37E-3BF5-4C9B-B8C4-006B39095F2F}
	EndGlobalSection
EndGlobal
